
Microsoft Visual Studio Solution File, Format Version 11.00
# Visual C# Express 2010
Project("{FAE04EC0-301F-11D3-BF4B-00C04F79EFBC}") = "randomString", "randomString.csproj", "{0A218E22-2CD2-4072-AB8C-D1A851B243CE}"
EndProject
Global
	GlobalSection(SolutionConfigurationPlatforms) = preSolution
		Debug|Any CPU = Debug|Any CPU
		Release|Any CPU = Release|Any CPU
	EndGlobalSection
	GlobalSection(ProjectConfigurationPlatforms) = postSolution
		{0A218E22-2CD2-4072-AB8C-D1A851B243CE}.Debug|Any CPU.ActiveCfg = Debug|Any CPU
		{0A218E22-2CD2-4072-AB8C-D1A851B243CE}.Debug|Any CPU.Build.0 = Debug|Any CPU
		{0A218E22-2CD2-4072-AB8C-D1A851B243CE}.Release|Any CPU.ActiveCfg = Release|Any CPU
		{0A218E22-2CD2-4072-AB8C-D1A851B243CE}.Release|Any CPU.Build.0 = Release|Any CPU
	EndGlobalSection
	GlobalSection(SolutionProperties) = preSolution
		HideSolutionNode = FALSE
	EndGlobalSection
EndGlobal
